
Microsoft Visual Studio Solution File, Format Version 12.00
# Visual Studio 15
VisualStudioVersion = 15.0.28307.645
MinimumVisualStudioVersion = 10.0.40219.1
Project("{2150E333-8FDC-42A3-9474-1A3956D46DE8}") = "01 App", "01 App", "{ECF5A5CD-CE5C-44AA-B2B2-4DE47C433C59}"
EndProject
Project("{2150E333-8FDC-42A3-9474-1A3956D46DE8}") = "02 Servicios", "02 Servicios", "{D9A4F684-4F9D-47C5-A7F3-9F19E2EA6EDB}"
EndProject
Project("{2150E333-8FDC-42A3-9474-1A3956D46DE8}") = "03 Referencias", "03 Referencias", "{0FC5EC99-0D05-4476-90E9-E4BB32FD1A33}"
EndProject
Project("{2150E333-8FDC-42A3-9474-1A3956D46DE8}") = "04 Api", "04 Api", "{C7184568-95C2-474D-99F7-99723DBB30CA}"
EndProject
Project("{2150E333-8FDC-42A3-9474-1A3956D46DE8}") = "01 Presentacion", "01 Presentacion", "{A6EE7BCB-4581-4FD6-A9E2-D304A91D849A}"
EndProject
Project("{FAE04EC0-301F-11D3-BF4B-00C04F79EFBC}") = "Examen.App.Android", "01 App\Examen.App\Examen.App.Android\Examen.App.Android.csproj", "{2CE7D7C8-5655-424F-A9FA-0DE7CFA4AE6D}"
EndProject
Project("{FAE04EC0-301F-11D3-BF4B-00C04F79EFBC}") = "Examen.App.iOS", "01 App\Examen.App\Examen.App.iOS\Examen.App.iOS.csproj", "{3736C0E6-8087-47C0-BA92-6AA44D3CFEF6}"
EndProject
Project("{FAE04EC0-301F-11D3-BF4B-00C04F79EFBC}") = "Examen.App", "01 App\Examen.App\Examen.App\Examen.App.csproj", "{F3679757-7707-47F8-B470-F88FFCA2572B}"
EndProject
Project("{2150E333-8FDC-42A3-9474-1A3956D46DE8}") = "01 Aplicacion", "01 Aplicacion", "{A4AD9D58-6818-4A65-ACBF-0F1CF680A5E4}"
EndProject
Project("{2150E333-8FDC-42A3-9474-1A3956D46DE8}") = "02 Dominio", "02 Dominio", "{510EF971-DBC4-4036-99D8-55B7EAA1AC46}"
EndProject
Project("{2150E333-8FDC-42A3-9474-1A3956D46DE8}") = "03 Datos", "03 Datos", "{13104541-2EC6-44F0-8CD0-A56A3ACB75FE}"
EndProject
Project("{FAE04EC0-301F-11D3-BF4B-00C04F79EFBC}") = "Examen.Servicios.Aplicacion", "02 Servicios\Examen.Servicios.Aplicacion\Examen.Servicios.Aplicacion.csproj", "{AD7475A1-A59E-4887-AE7E-C0A3F805D5AB}"
EndProject
Project("{FAE04EC0-301F-11D3-BF4B-00C04F79EFBC}") = "Examen.Servicios.Comun", "02 Servicios\Examen.Servicios.Comun\Examen.Servicios.Comun.csproj", "{0A6D465C-BCB3-419D-9E85-3C631BBD7922}"
EndProject
Project("{FAE04EC0-301F-11D3-BF4B-00C04F79EFBC}") = "Examen.Servicios.Entidades", "02 Servicios\Examen.Servicios.Entidades\Examen.Servicios.Entidades.csproj", "{E3354986-1E63-41D4-862B-12E0DC0BD0A1}"
EndProject
Project("{FAE04EC0-301F-11D3-BF4B-00C04F79EFBC}") = "Examen.Servicios.Datos", "02 Servicios\Examen.Servicios.Datos\Examen.Servicios.Datos.csproj", "{DFC1EBA8-CEE1-466B-9FE7-738694C6656F}"
EndProject
Project("{FAE04EC0-301F-11D3-BF4B-00C04F79EFBC}") = "Examen.Referencias.Comun", "03 Referencias\Examen.Referencias.Comun\Examen.Referencias.Comun.csproj", "{103B8EA8-C582-4688-A046-E221F426A981}"
EndProject
Global
	GlobalSection(SolutionConfigurationPlatforms) = preSolution
		Ad-Hoc|Any CPU = Ad-Hoc|Any CPU
		Ad-Hoc|iPhone = Ad-Hoc|iPhone
		Ad-Hoc|iPhoneSimulator = Ad-Hoc|iPhoneSimulator
		AppStore|Any CPU = AppStore|Any CPU
		AppStore|iPhone = AppStore|iPhone
		AppStore|iPhoneSimulator = AppStore|iPhoneSimulator
		Debug|Any CPU = Debug|Any CPU
		Debug|iPhone = Debug|iPhone
		Debug|iPhoneSimulator = Debug|iPhoneSimulator
		Release|Any CPU = Release|Any CPU
		Release|iPhone = Release|iPhone
		Release|iPhoneSimulator = Release|iPhoneSimulator
	EndGlobalSection
	GlobalSection(ProjectConfigurationPlatforms) = postSolution
		{2CE7D7C8-5655-424F-A9FA-0DE7CFA4AE6D}.Ad-Hoc|Any CPU.ActiveCfg = Release|Any CPU
		{2CE7D7C8-5655-424F-A9FA-0DE7CFA4AE6D}.Ad-Hoc|Any CPU.Build.0 = Release|Any CPU
		{2CE7D7C8-5655-424F-A9FA-0DE7CFA4AE6D}.Ad-Hoc|Any CPU.Deploy.0 = Release|Any CPU
		{2CE7D7C8-5655-424F-A9FA-0DE7CFA4AE6D}.Ad-Hoc|iPhone.ActiveCfg = Release|Any CPU
		{2CE7D7C8-5655-424F-A9FA-0DE7CFA4AE6D}.Ad-Hoc|iPhone.Build.0 = Release|Any CPU
		{2CE7D7C8-5655-424F-A9FA-0DE7CFA4AE6D}.Ad-Hoc|iPhone.Deploy.0 = Release|Any CPU
		{2CE7D7C8-5655-424F-A9FA-0DE7CFA4AE6D}.Ad-Hoc|iPhoneSimulator.ActiveCfg = Release|Any CPU
		{2CE7D7C8-5655-424F-A9FA-0DE7CFA4AE6D}.Ad-Hoc|iPhoneSimulator.Build.0 = Release|Any CPU
		{2CE7D7C8-5655-424F-A9FA-0DE7CFA4AE6D}.Ad-Hoc|iPhoneSimulator.Deploy.0 = Release|Any CPU
		{2CE7D7C8-5655-424F-A9FA-0DE7CFA4AE6D}.AppStore|Any CPU.ActiveCfg = Release|Any CPU
		{2CE7D7C8-5655-424F-A9FA-0DE7CFA4AE6D}.AppStore|Any CPU.Build.0 = Release|Any CPU
		{2CE7D7C8-5655-424F-A9FA-0DE7CFA4AE6D}.AppStore|Any CPU.Deploy.0 = Release|Any CPU
		{2CE7D7C8-5655-424F-A9FA-0DE7CFA4AE6D}.AppStore|iPhone.ActiveCfg = Release|Any CPU
		{2CE7D7C8-5655-424F-A9FA-0DE7CFA4AE6D}.AppStore|iPhone.Build.0 = Release|Any CPU
		{2CE7D7C8-5655-424F-A9FA-0DE7CFA4AE6D}.AppStore|iPhone.Deploy.0 = Release|Any CPU
		{2CE7D7C8-5655-424F-A9FA-0DE7CFA4AE6D}.AppStore|iPhoneSimulator.ActiveCfg = Release|Any CPU
		{2CE7D7C8-5655-424F-A9FA-0DE7CFA4AE6D}.AppStore|iPhoneSimulator.Build.0 = Release|Any CPU
		{2CE7D7C8-5655-424F-A9FA-0DE7CFA4AE6D}.AppStore|iPhoneSimulator.Deploy.0 = Release|Any CPU
		{2CE7D7C8-5655-424F-A9FA-0DE7CFA4AE6D}.Debug|Any CPU.ActiveCfg = Debug|Any CPU
		{2CE7D7C8-5655-424F-A9FA-0DE7CFA4AE6D}.Debug|Any CPU.Build.0 = Debug|Any CPU
		{2CE7D7C8-5655-424F-A9FA-0DE7CFA4AE6D}.Debug|Any CPU.Deploy.0 = Debug|Any CPU
		{2CE7D7C8-5655-424F-A9FA-0DE7CFA4AE6D}.Debug|iPhone.ActiveCfg = Debug|Any CPU
		{2CE7D7C8-5655-424F-A9FA-0DE7CFA4AE6D}.Debug|iPhone.Build.0 = Debug|Any CPU
		{2CE7D7C8-5655-424F-A9FA-0DE7CFA4AE6D}.Debug|iPhone.Deploy.0 = Debug|Any CPU
		{2CE7D7C8-5655-424F-A9FA-0DE7CFA4AE6D}.Debug|iPhoneSimulator.ActiveCfg = Debug|Any CPU
		{2CE7D7C8-5655-424F-A9FA-0DE7CFA4AE6D}.Debug|iPhoneSimulator.Build.0 = Debug|Any CPU
		{2CE7D7C8-5655-424F-A9FA-0DE7CFA4AE6D}.Debug|iPhoneSimulator.Deploy.0 = Debug|Any CPU
		{2CE7D7C8-5655-424F-A9FA-0DE7CFA4AE6D}.Release|Any CPU.ActiveCfg = Release|Any CPU
		{2CE7D7C8-5655-424F-A9FA-0DE7CFA4AE6D}.Release|Any CPU.Build.0 = Release|Any CPU
		{2CE7D7C8-5655-424F-A9FA-0DE7CFA4AE6D}.Release|Any CPU.Deploy.0 = Release|Any CPU
		{2CE7D7C8-5655-424F-A9FA-0DE7CFA4AE6D}.Release|iPhone.ActiveCfg = Release|Any CPU
		{2CE7D7C8-5655-424F-A9FA-0DE7CFA4AE6D}.Release|iPhone.Build.0 = Release|Any CPU
		{2CE7D7C8-5655-424F-A9FA-0DE7CFA4AE6D}.Release|iPhone.Deploy.0 = Release|Any CPU
		{2CE7D7C8-5655-424F-A9FA-0DE7CFA4AE6D}.Release|iPhoneSimulator.ActiveCfg = Release|Any CPU
		{2CE7D7C8-5655-424F-A9FA-0DE7CFA4AE6D}.Release|iPhoneSimulator.Build.0 = Release|Any CPU
		{2CE7D7C8-5655-424F-A9FA-0DE7CFA4AE6D}.Release|iPhoneSimulator.Deploy.0 = Release|Any CPU
		{3736C0E6-8087-47C0-BA92-6AA44D3CFEF6}.Ad-Hoc|Any CPU.ActiveCfg = Ad-Hoc|iPhone
		{3736C0E6-8087-47C0-BA92-6AA44D3CFEF6}.Ad-Hoc|iPhone.ActiveCfg = Ad-Hoc|iPhone
		{3736C0E6-8087-47C0-BA92-6AA44D3CFEF6}.Ad-Hoc|iPhone.Build.0 = Ad-Hoc|iPhone
		{3736C0E6-8087-47C0-BA92-6AA44D3CFEF6}.Ad-Hoc|iPhoneSimulator.ActiveCfg = Ad-Hoc|iPhoneSimulator
		{3736C0E6-8087-47C0-BA92-6AA44D3CFEF6}.Ad-Hoc|iPhoneSimulator.Build.0 = Ad-Hoc|iPhoneSimulator
		{3736C0E6-8087-47C0-BA92-6AA44D3CFEF6}.AppStore|Any CPU.ActiveCfg = AppStore|iPhone
		{3736C0E6-8087-47C0-BA92-6AA44D3CFEF6}.AppStore|iPhone.ActiveCfg = AppStore|iPhone
		{3736C0E6-8087-47C0-BA92-6AA44D3CFEF6}.AppStore|iPhone.Build.0 = AppStore|iPhone
		{3736C0E6-8087-47C0-BA92-6AA44D3CFEF6}.AppStore|iPhoneSimulator.ActiveCfg = AppStore|iPhoneSimulator
		{3736C0E6-8087-47C0-BA92-6AA44D3CFEF6}.AppStore|iPhoneSimulator.Build.0 = AppStore|iPhoneSimulator
		{3736C0E6-8087-47C0-BA92-6AA44D3CFEF6}.Debug|Any CPU.ActiveCfg = Debug|iPhone
		{3736C0E6-8087-47C0-BA92-6AA44D3CFEF6}.Debug|iPhone.ActiveCfg = Debug|iPhone
		{3736C0E6-8087-47C0-BA92-6AA44D3CFEF6}.Debug|iPhone.Build.0 = Debug|iPhone
		{3736C0E6-8087-47C0-BA92-6AA44D3CFEF6}.Debug|iPhoneSimulator.ActiveCfg = Debug|iPhoneSimulator
		{3736C0E6-8087-47C0-BA92-6AA44D3CFEF6}.Debug|iPhoneSimulator.Build.0 = Debug|iPhoneSimulator
		{3736C0E6-8087-47C0-BA92-6AA44D3CFEF6}.Release|Any CPU.ActiveCfg = Release|iPhone
		{3736C0E6-8087-47C0-BA92-6AA44D3CFEF6}.Release|iPhone.ActiveCfg = Release|iPhone
		{3736C0E6-8087-47C0-BA92-6AA44D3CFEF6}.Release|iPhone.Build.0 = Release|iPhone
		{3736C0E6-8087-47C0-BA92-6AA44D3CFEF6}.Release|iPhoneSimulator.ActiveCfg = Release|iPhoneSimulator
		{3736C0E6-8087-47C0-BA92-6AA44D3CFEF6}.Release|iPhoneSimulator.Build.0 = Release|iPhoneSimulator
		{F3679757-7707-47F8-B470-F88FFCA2572B}.Ad-Hoc|Any CPU.ActiveCfg = Debug|Any CPU
		{F3679757-7707-47F8-B470-F88FFCA2572B}.Ad-Hoc|Any CPU.Build.0 = Debug|Any CPU
		{F3679757-7707-47F8-B470-F88FFCA2572B}.Ad-Hoc|iPhone.ActiveCfg = Debug|Any CPU
		{F3679757-7707-47F8-B470-F88FFCA2572B}.Ad-Hoc|iPhone.Build.0 = Debug|Any CPU
		{F3679757-7707-47F8-B470-F88FFCA2572B}.Ad-Hoc|iPhoneSimulator.ActiveCfg = Debug|Any CPU
		{F3679757-7707-47F8-B470-F88FFCA2572B}.Ad-Hoc|iPhoneSimulator.Build.0 = Debug|Any CPU
		{F3679757-7707-47F8-B470-F88FFCA2572B}.AppStore|Any CPU.ActiveCfg = Debug|Any CPU
		{F3679757-7707-47F8-B470-F88FFCA2572B}.AppStore|Any CPU.Build.0 = Debug|Any CPU
		{F3679757-7707-47F8-B470-F88FFCA2572B}.AppStore|iPhone.ActiveCfg = Debug|Any CPU
		{F3679757-7707-47F8-B470-F88FFCA2572B}.AppStore|iPhone.Build.0 = Debug|Any CPU
		{F3679757-7707-47F8-B470-F88FFCA2572B}.AppStore|iPhoneSimulator.ActiveCfg = Debug|Any CPU
		{F3679757-7707-47F8-B470-F88FFCA2572B}.AppStore|iPhoneSimulator.Build.0 = Debug|Any CPU
		{F3679757-7707-47F8-B470-F88FFCA2572B}.Debug|Any CPU.ActiveCfg = Debug|Any CPU
		{F3679757-7707-47F8-B470-F88FFCA2572B}.Debug|Any CPU.Build.0 = Debug|Any CPU
		{F3679757-7707-47F8-B470-F88FFCA2572B}.Debug|iPhone.ActiveCfg = Debug|Any CPU
		{F3679757-7707-47F8-B470-F88FFCA2572B}.Debug|iPhone.Build.0 = Debug|Any CPU
		{F3679757-7707-47F8-B470-F88FFCA2572B}.Debug|iPhoneSimulator.ActiveCfg = Debug|Any CPU
		{F3679757-7707-47F8-B470-F88FFCA2572B}.Debug|iPhoneSimulator.Build.0 = Debug|Any CPU
		{F3679757-7707-47F8-B470-F88FFCA2572B}.Release|Any CPU.ActiveCfg = Release|Any CPU
		{F3679757-7707-47F8-B470-F88FFCA2572B}.Release|Any CPU.Build.0 = Release|Any CPU
		{F3679757-7707-47F8-B470-F88FFCA2572B}.Release|iPhone.ActiveCfg = Release|Any CPU
		{F3679757-7707-47F8-B470-F88FFCA2572B}.Release|iPhone.Build.0 = Release|Any CPU
		{F3679757-7707-47F8-B470-F88FFCA2572B}.Release|iPhoneSimulator.ActiveCfg = Release|Any CPU
		{F3679757-7707-47F8-B470-F88FFCA2572B}.Release|iPhoneSimulator.Build.0 = Release|Any CPU
		{AD7475A1-A59E-4887-AE7E-C0A3F805D5AB}.Ad-Hoc|Any CPU.ActiveCfg = Debug|Any CPU
		{AD7475A1-A59E-4887-AE7E-C0A3F805D5AB}.Ad-Hoc|Any CPU.Build.0 = Debug|Any CPU
		{AD7475A1-A59E-4887-AE7E-C0A3F805D5AB}.Ad-Hoc|iPhone.ActiveCfg = Debug|Any CPU
		{AD7475A1-A59E-4887-AE7E-C0A3F805D5AB}.Ad-Hoc|iPhone.Build.0 = Debug|Any CPU
		{AD7475A1-A59E-4887-AE7E-C0A3F805D5AB}.Ad-Hoc|iPhoneSimulator.ActiveCfg = Debug|Any CPU
		{AD7475A1-A59E-4887-AE7E-C0A3F805D5AB}.Ad-Hoc|iPhoneSimulator.Build.0 = Debug|Any CPU
		{AD7475A1-A59E-4887-AE7E-C0A3F805D5AB}.AppStore|Any CPU.ActiveCfg = Debug|Any CPU
		{AD7475A1-A59E-4887-AE7E-C0A3F805D5AB}.AppStore|Any CPU.Build.0 = Debug|Any CPU
		{AD7475A1-A59E-4887-AE7E-C0A3F805D5AB}.AppStore|iPhone.ActiveCfg = Debug|Any CPU
		{AD7475A1-A59E-4887-AE7E-C0A3F805D5AB}.AppStore|iPhone.Build.0 = Debug|Any CPU
		{AD7475A1-A59E-4887-AE7E-C0A3F805D5AB}.AppStore|iPhoneSimulator.ActiveCfg = Debug|Any CPU
		{AD7475A1-A59E-4887-AE7E-C0A3F805D5AB}.AppStore|iPhoneSimulator.Build.0 = Debug|Any CPU
		{AD7475A1-A59E-4887-AE7E-C0A3F805D5AB}.Debug|Any CPU.ActiveCfg = Debug|Any CPU
		{AD7475A1-A59E-4887-AE7E-C0A3F805D5AB}.Debug|Any CPU.Build.0 = Debug|Any CPU
		{AD7475A1-A59E-4887-AE7E-C0A3F805D5AB}.Debug|iPhone.ActiveCfg = Debug|Any CPU
		{AD7475A1-A59E-4887-AE7E-C0A3F805D5AB}.Debug|iPhone.Build.0 = Debug|Any CPU
		{AD7475A1-A59E-4887-AE7E-C0A3F805D5AB}.Debug|iPhoneSimulator.ActiveCfg = Debug|Any CPU
		{AD7475A1-A59E-4887-AE7E-C0A3F805D5AB}.Debug|iPhoneSimulator.Build.0 = Debug|Any CPU
		{AD7475A1-A59E-4887-AE7E-C0A3F805D5AB}.Release|Any CPU.ActiveCfg = Release|Any CPU
		{AD7475A1-A59E-4887-AE7E-C0A3F805D5AB}.Release|Any CPU.Build.0 = Release|Any CPU
		{AD7475A1-A59E-4887-AE7E-C0A3F805D5AB}.Release|iPhone.ActiveCfg = Release|Any CPU
		{AD7475A1-A59E-4887-AE7E-C0A3F805D5AB}.Release|iPhone.Build.0 = Release|Any CPU
		{AD7475A1-A59E-4887-AE7E-C0A3F805D5AB}.Release|iPhoneSimulator.ActiveCfg = Release|Any CPU
		{AD7475A1-A59E-4887-AE7E-C0A3F805D5AB}.Release|iPhoneSimulator.Build.0 = Release|Any CPU
		{0A6D465C-BCB3-419D-9E85-3C631BBD7922}.Ad-Hoc|Any CPU.ActiveCfg = Debug|Any CPU
		{0A6D465C-BCB3-419D-9E85-3C631BBD7922}.Ad-Hoc|Any CPU.Build.0 = Debug|Any CPU
		{0A6D465C-BCB3-419D-9E85-3C631BBD7922}.Ad-Hoc|iPhone.ActiveCfg = Debug|Any CPU
		{0A6D465C-BCB3-419D-9E85-3C631BBD7922}.Ad-Hoc|iPhone.Build.0 = Debug|Any CPU
		{0A6D465C-BCB3-419D-9E85-3C631BBD7922}.Ad-Hoc|iPhoneSimulator.ActiveCfg = Debug|Any CPU
		{0A6D465C-BCB3-419D-9E85-3C631BBD7922}.Ad-Hoc|iPhoneSimulator.Build.0 = Debug|Any CPU
		{0A6D465C-BCB3-419D-9E85-3C631BBD7922}.AppStore|Any CPU.ActiveCfg = Debug|Any CPU
		{0A6D465C-BCB3-419D-9E85-3C631BBD7922}.AppStore|Any CPU.Build.0 = Debug|Any CPU
		{0A6D465C-BCB3-419D-9E85-3C631BBD7922}.AppStore|iPhone.ActiveCfg = Debug|Any CPU
		{0A6D465C-BCB3-419D-9E85-3C631BBD7922}.AppStore|iPhone.Build.0 = Debug|Any CPU
		{0A6D465C-BCB3-419D-9E85-3C631BBD7922}.AppStore|iPhoneSimulator.ActiveCfg = Debug|Any CPU
		{0A6D465C-BCB3-419D-9E85-3C631BBD7922}.AppStore|iPhoneSimulator.Build.0 = Debug|Any CPU
		{0A6D465C-BCB3-419D-9E85-3C631BBD7922}.Debug|Any CPU.ActiveCfg = Debug|Any CPU
		{0A6D465C-BCB3-419D-9E85-3C631BBD7922}.Debug|Any CPU.Build.0 = Debug|Any CPU
		{0A6D465C-BCB3-419D-9E85-3C631BBD7922}.Debug|iPhone.ActiveCfg = Debug|Any CPU
		{0A6D465C-BCB3-419D-9E85-3C631BBD7922}.Debug|iPhone.Build.0 = Debug|Any CPU
		{0A6D465C-BCB3-419D-9E85-3C631BBD7922}.Debug|iPhoneSimulator.ActiveCfg = Debug|Any CPU
		{0A6D465C-BCB3-419D-9E85-3C631BBD7922}.Debug|iPhoneSimulator.Build.0 = Debug|Any CPU
		{0A6D465C-BCB3-419D-9E85-3C631BBD7922}.Release|Any CPU.ActiveCfg = Release|Any CPU
		{0A6D465C-BCB3-419D-9E85-3C631BBD7922}.Release|Any CPU.Build.0 = Release|Any CPU
		{0A6D465C-BCB3-419D-9E85-3C631BBD7922}.Release|iPhone.ActiveCfg = Release|Any CPU
		{0A6D465C-BCB3-419D-9E85-3C631BBD7922}.Release|iPhone.Build.0 = Release|Any CPU
		{0A6D465C-BCB3-419D-9E85-3C631BBD7922}.Release|iPhoneSimulator.ActiveCfg = Release|Any CPU
		{0A6D465C-BCB3-419D-9E85-3C631BBD7922}.Release|iPhoneSimulator.Build.0 = Release|Any CPU
		{E3354986-1E63-41D4-862B-12E0DC0BD0A1}.Ad-Hoc|Any CPU.ActiveCfg = Debug|Any CPU
		{E3354986-1E63-41D4-862B-12E0DC0BD0A1}.Ad-Hoc|Any CPU.Build.0 = Debug|Any CPU
		{E3354986-1E63-41D4-862B-12E0DC0BD0A1}.Ad-Hoc|iPhone.ActiveCfg = Debug|Any CPU
		{E3354986-1E63-41D4-862B-12E0DC0BD0A1}.Ad-Hoc|iPhone.Build.0 = Debug|Any CPU
		{E3354986-1E63-41D4-862B-12E0DC0BD0A1}.Ad-Hoc|iPhoneSimulator.ActiveCfg = Debug|Any CPU
		{E3354986-1E63-41D4-862B-12E0DC0BD0A1}.Ad-Hoc|iPhoneSimulator.Build.0 = Debug|Any CPU
		{E3354986-1E63-41D4-862B-12E0DC0BD0A1}.AppStore|Any CPU.ActiveCfg = Debug|Any CPU
		{E3354986-1E63-41D4-862B-12E0DC0BD0A1}.AppStore|Any CPU.Build.0 = Debug|Any CPU
		{E3354986-1E63-41D4-862B-12E0DC0BD0A1}.AppStore|iPhone.ActiveCfg = Debug|Any CPU
		{E3354986-1E63-41D4-862B-12E0DC0BD0A1}.AppStore|iPhone.Build.0 = Debug|Any CPU
		{E3354986-1E63-41D4-862B-12E0DC0BD0A1}.AppStore|iPhoneSimulator.ActiveCfg = Debug|Any CPU
		{E3354986-1E63-41D4-862B-12E0DC0BD0A1}.AppStore|iPhoneSimulator.Build.0 = Debug|Any CPU
		{E3354986-1E63-41D4-862B-12E0DC0BD0A1}.Debug|Any CPU.ActiveCfg = Debug|Any CPU
		{E3354986-1E63-41D4-862B-12E0DC0BD0A1}.Debug|Any CPU.Build.0 = Debug|Any CPU
		{E3354986-1E63-41D4-862B-12E0DC0BD0A1}.Debug|iPhone.ActiveCfg = Debug|Any CPU
		{E3354986-1E63-41D4-862B-12E0DC0BD0A1}.Debug|iPhone.Build.0 = Debug|Any CPU
		{E3354986-1E63-41D4-862B-12E0DC0BD0A1}.Debug|iPhoneSimulator.ActiveCfg = Debug|Any CPU
		{E3354986-1E63-41D4-862B-12E0DC0BD0A1}.Debug|iPhoneSimulator.Build.0 = Debug|Any CPU
		{E3354986-1E63-41D4-862B-12E0DC0BD0A1}.Release|Any CPU.ActiveCfg = Release|Any CPU
		{E3354986-1E63-41D4-862B-12E0DC0BD0A1}.Release|Any CPU.Build.0 = Release|Any CPU
		{E3354986-1E63-41D4-862B-12E0DC0BD0A1}.Release|iPhone.ActiveCfg = Release|Any CPU
		{E3354986-1E63-41D4-862B-12E0DC0BD0A1}.Release|iPhone.Build.0 = Release|Any CPU
		{E3354986-1E63-41D4-862B-12E0DC0BD0A1}.Release|iPhoneSimulator.ActiveCfg = Release|Any CPU
		{E3354986-1E63-41D4-862B-12E0DC0BD0A1}.Release|iPhoneSimulator.Build.0 = Release|Any CPU
		{DFC1EBA8-CEE1-466B-9FE7-738694C6656F}.Ad-Hoc|Any CPU.ActiveCfg = Debug|Any CPU
		{DFC1EBA8-CEE1-466B-9FE7-738694C6656F}.Ad-Hoc|Any CPU.Build.0 = Debug|Any CPU
		{DFC1EBA8-CEE1-466B-9FE7-738694C6656F}.Ad-Hoc|iPhone.ActiveCfg = Debug|Any CPU
		{DFC1EBA8-CEE1-466B-9FE7-738694C6656F}.Ad-Hoc|iPhone.Build.0 = Debug|Any CPU
		{DFC1EBA8-CEE1-466B-9FE7-738694C6656F}.Ad-Hoc|iPhoneSimulator.ActiveCfg = Debug|Any CPU
		{DFC1EBA8-CEE1-466B-9FE7-738694C6656F}.Ad-Hoc|iPhoneSimulator.Build.0 = Debug|Any CPU
		{DFC1EBA8-CEE1-466B-9FE7-738694C6656F}.AppStore|Any CPU.ActiveCfg = Debug|Any CPU
		{DFC1EBA8-CEE1-466B-9FE7-738694C6656F}.AppStore|Any CPU.Build.0 = Debug|Any CPU
		{DFC1EBA8-CEE1-466B-9FE7-738694C6656F}.AppStore|iPhone.ActiveCfg = Debug|Any CPU
		{DFC1EBA8-CEE1-466B-9FE7-738694C6656F}.AppStore|iPhone.Build.0 = Debug|Any CPU
		{DFC1EBA8-CEE1-466B-9FE7-738694C6656F}.AppStore|iPhoneSimulator.ActiveCfg = Debug|Any CPU
		{DFC1EBA8-CEE1-466B-9FE7-738694C6656F}.AppStore|iPhoneSimulator.Build.0 = Debug|Any CPU
		{DFC1EBA8-CEE1-466B-9FE7-738694C6656F}.Debug|Any CPU.ActiveCfg = Debug|Any CPU
		{DFC1EBA8-CEE1-466B-9FE7-738694C6656F}.Debug|Any CPU.Build.0 = Debug|Any CPU
		{DFC1EBA8-CEE1-466B-9FE7-738694C6656F}.Debug|iPhone.ActiveCfg = Debug|Any CPU
		{DFC1EBA8-CEE1-466B-9FE7-738694C6656F}.Debug|iPhone.Build.0 = Debug|Any CPU
		{DFC1EBA8-CEE1-466B-9FE7-738694C6656F}.Debug|iPhoneSimulator.ActiveCfg = Debug|Any CPU
		{DFC1EBA8-CEE1-466B-9FE7-738694C6656F}.Debug|iPhoneSimulator.Build.0 = Debug|Any CPU
		{DFC1EBA8-CEE1-466B-9FE7-738694C6656F}.Release|Any CPU.ActiveCfg = Release|Any CPU
		{DFC1EBA8-CEE1-466B-9FE7-738694C6656F}.Release|Any CPU.Build.0 = Release|Any CPU
		{DFC1EBA8-CEE1-466B-9FE7-738694C6656F}.Release|iPhone.ActiveCfg = Release|Any CPU
		{DFC1EBA8-CEE1-466B-9FE7-738694C6656F}.Release|iPhone.Build.0 = Release|Any CPU
		{DFC1EBA8-CEE1-466B-9FE7-738694C6656F}.Release|iPhoneSimulator.ActiveCfg = Release|Any CPU
		{DFC1EBA8-CEE1-466B-9FE7-738694C6656F}.Release|iPhoneSimulator.Build.0 = Release|Any CPU
		{103B8EA8-C582-4688-A046-E221F426A981}.Ad-Hoc|Any CPU.ActiveCfg = Debug|Any CPU
		{103B8EA8-C582-4688-A046-E221F426A981}.Ad-Hoc|Any CPU.Build.0 = Debug|Any CPU
		{103B8EA8-C582-4688-A046-E221F426A981}.Ad-Hoc|iPhone.ActiveCfg = Debug|Any CPU
		{103B8EA8-C582-4688-A046-E221F426A981}.Ad-Hoc|iPhone.Build.0 = Debug|Any CPU
		{103B8EA8-C582-4688-A046-E221F426A981}.Ad-Hoc|iPhoneSimulator.ActiveCfg = Debug|Any CPU
		{103B8EA8-C582-4688-A046-E221F426A981}.Ad-Hoc|iPhoneSimulator.Build.0 = Debug|Any CPU
		{103B8EA8-C582-4688-A046-E221F426A981}.AppStore|Any CPU.ActiveCfg = Debug|Any CPU
		{103B8EA8-C582-4688-A046-E221F426A981}.AppStore|Any CPU.Build.0 = Debug|Any CPU
		{103B8EA8-C582-4688-A046-E221F426A981}.AppStore|iPhone.ActiveCfg = Debug|Any CPU
		{103B8EA8-C582-4688-A046-E221F426A981}.AppStore|iPhone.Build.0 = Debug|Any CPU
		{103B8EA8-C582-4688-A046-E221F426A981}.AppStore|iPhoneSimulator.ActiveCfg = Debug|Any CPU
		{103B8EA8-C582-4688-A046-E221F426A981}.AppStore|iPhoneSimulator.Build.0 = Debug|Any CPU
		{103B8EA8-C582-4688-A046-E221F426A981}.Debug|Any CPU.ActiveCfg = Debug|Any CPU
		{103B8EA8-C582-4688-A046-E221F426A981}.Debug|Any CPU.Build.0 = Debug|Any CPU
		{103B8EA8-C582-4688-A046-E221F426A981}.Debug|iPhone.ActiveCfg = Debug|Any CPU
		{103B8EA8-C582-4688-A046-E221F426A981}.Debug|iPhone.Build.0 = Debug|Any CPU
		{103B8EA8-C582-4688-A046-E221F426A981}.Debug|iPhoneSimulator.ActiveCfg = Debug|Any CPU
		{103B8EA8-C582-4688-A046-E221F426A981}.Debug|iPhoneSimulator.Build.0 = Debug|Any CPU
		{103B8EA8-C582-4688-A046-E221F426A981}.Release|Any CPU.ActiveCfg = Release|Any CPU
		{103B8EA8-C582-4688-A046-E221F426A981}.Release|Any CPU.Build.0 = Release|Any CPU
		{103B8EA8-C582-4688-A046-E221F426A981}.Release|iPhone.ActiveCfg = Release|Any CPU
		{103B8EA8-C582-4688-A046-E221F426A981}.Release|iPhone.Build.0 = Release|Any CPU
		{103B8EA8-C582-4688-A046-E221F426A981}.Release|iPhoneSimulator.ActiveCfg = Release|Any CPU
		{103B8EA8-C582-4688-A046-E221F426A981}.Release|iPhoneSimulator.Build.0 = Release|Any CPU
	EndGlobalSection
	GlobalSection(SolutionProperties) = preSolution
		HideSolutionNode = FALSE
	EndGlobalSection
	GlobalSection(NestedProjects) = preSolution
		{A6EE7BCB-4581-4FD6-A9E2-D304A91D849A} = {ECF5A5CD-CE5C-44AA-B2B2-4DE47C433C59}
		{2CE7D7C8-5655-424F-A9FA-0DE7CFA4AE6D} = {A6EE7BCB-4581-4FD6-A9E2-D304A91D849A}
		{3736C0E6-8087-47C0-BA92-6AA44D3CFEF6} = {A6EE7BCB-4581-4FD6-A9E2-D304A91D849A}
		{F3679757-7707-47F8-B470-F88FFCA2572B} = {A6EE7BCB-4581-4FD6-A9E2-D304A91D849A}
		{A4AD9D58-6818-4A65-ACBF-0F1CF680A5E4} = {D9A4F684-4F9D-47C5-A7F3-9F19E2EA6EDB}
		{510EF971-DBC4-4036-99D8-55B7EAA1AC46} = {D9A4F684-4F9D-47C5-A7F3-9F19E2EA6EDB}
		{13104541-2EC6-44F0-8CD0-A56A3ACB75FE} = {D9A4F684-4F9D-47C5-A7F3-9F19E2EA6EDB}
		{AD7475A1-A59E-4887-AE7E-C0A3F805D5AB} = {A4AD9D58-6818-4A65-ACBF-0F1CF680A5E4}
		{0A6D465C-BCB3-419D-9E85-3C631BBD7922} = {510EF971-DBC4-4036-99D8-55B7EAA1AC46}
		{E3354986-1E63-41D4-862B-12E0DC0BD0A1} = {510EF971-DBC4-4036-99D8-55B7EAA1AC46}
		{DFC1EBA8-CEE1-466B-9FE7-738694C6656F} = {13104541-2EC6-44F0-8CD0-A56A3ACB75FE}
		{103B8EA8-C582-4688-A046-E221F426A981} = {0FC5EC99-0D05-4476-90E9-E4BB32FD1A33}
	EndGlobalSection
	GlobalSection(ExtensibilityGlobals) = postSolution
		SolutionGuid = {81D99384-6581-428D-8D21-69B935778702}
	EndGlobalSection
EndGlobal
